
Microsoft Visual Studio Solution File, Format Version 12.00
# Visual Studio Version 17
VisualStudioVersion = 17.0.31903.59
MinimumVisualStudioVersion = 10.0.40219.1
Project("{2150E333-8FDC-42A3-9474-1A3956D46DE8}") = "src", "src", "{827E0CD3-B72D-47B6-A68D-7590B98EB39B}"
EndProject
Project("{FAE04EC0-301F-11D3-BF4B-00C04F79EFBC}") = "Shared", "src\Shared\Shared.csproj", "{10DBBD30-E12A-41F7-ABB6-3A85308D9B27}"
EndProject
Project("{2150E333-8FDC-42A3-9474-1A3956D46DE8}") = "tests", "tests", "{0AB3BF05-4346-4AA6-1389-037BE0695223}"
EndProject
Project("{FAE04EC0-301F-11D3-BF4B-00C04F79EFBC}") = "Shared.UnitTests", "tests\Shared.UnitTests\Shared.UnitTests.csproj", "{CCE2E419-3F42-4297-8529-BC5F73727A62}"
EndProject
Project("{2150E333-8FDC-42A3-9474-1A3956D46DE8}") = "Modules", "Modules", "{EC447DCF-ABFA-6E24-52A5-D7FD48A5C558}"
EndProject
Project("{2150E333-8FDC-42A3-9474-1A3956D46DE8}") = "Download", "Download", "{E62E345F-C9D6-71FC-8A4B-1350A0C33F94}"
EndProject
Project("{2150E333-8FDC-42A3-9474-1A3956D46DE8}") = "Domain", "Domain", "{F27F7BB3-D551-B6EE-24B1-67170A3E0AF6}"
EndProject
Project("{FAE04EC0-301F-11D3-BF4B-00C04F79EFBC}") = "Download.Domain", "src\Modules\Download\Domain\Download.Domain.csproj", "{5D5B0658-C1DF-4C76-994F-8C6EC7C94691}"
EndProject
Project("{2150E333-8FDC-42A3-9474-1A3956D46DE8}") = "Application", "Application", "{E40C6BAE-8A5F-0CB1-F785-211CB52B499A}"
EndProject
Project("{FAE04EC0-301F-11D3-BF4B-00C04F79EFBC}") = "Download.Application", "src\Modules\Download\Application\Download.Application.csproj", "{920AEAC6-E2C8-42B9-B03B-550EEB6312CC}"
EndProject
Project("{2150E333-8FDC-42A3-9474-1A3956D46DE8}") = "Infrastructure", "Infrastructure", "{20E10D4C-4AAA-FAC8-8B9B-EADE66692919}"
EndProject
Project("{FAE04EC0-301F-11D3-BF4B-00C04F79EFBC}") = "Download.Infrastructure", "src\Modules\Download\Infrastructure\Download.Infrastructure.csproj", "{88395799-A2CE-44F1-B446-D402C0AB9EC1}"
EndProject
Project("{2150E333-8FDC-42A3-9474-1A3956D46DE8}") = "Discovery", "Discovery", "{45D4843E-D65D-046D-A47C-6FD9A62F431A}"
EndProject
Project("{2150E333-8FDC-42A3-9474-1A3956D46DE8}") = "Domain", "Domain", "{C4D6D0DB-F1C3-FDE2-25BA-FDFDF9C14A9B}"
EndProject
Project("{FAE04EC0-301F-11D3-BF4B-00C04F79EFBC}") = "Discovery.Domain", "src\Modules\Discovery\Domain\Discovery.Domain.csproj", "{5784AE5C-FF52-4184-BCCE-D6AA72D14600}"
EndProject
Project("{2150E333-8FDC-42A3-9474-1A3956D46DE8}") = "Application", "Application", "{1B8C960E-6745-AD3F-1E6C-3D15943BB4B1}"
EndProject
Project("{FAE04EC0-301F-11D3-BF4B-00C04F79EFBC}") = "Discovery.Application", "src\Modules\Discovery\Application\Discovery.Application.csproj", "{D6C42139-3634-42AF-A3E4-096422514D9C}"
EndProject
Project("{2150E333-8FDC-42A3-9474-1A3956D46DE8}") = "Infrastructure", "Infrastructure", "{B9B3F589-5721-DBFF-D952-4A65364DD0E2}"
EndProject
Project("{FAE04EC0-301F-11D3-BF4B-00C04F79EFBC}") = "Discovery.Infrastructure", "src\Modules\Discovery\Infrastructure\Discovery.Infrastructure.csproj", "{3C8C18B6-2D37-4B4C-9E62-3851E07BEF30}"
EndProject
Project("{2150E333-8FDC-42A3-9474-1A3956D46DE8}") = "Radio", "Radio", "{7B77E9E5-DADF-04F9-A754-BDF6C1CAC0D2}"
EndProject
Project("{2150E333-8FDC-42A3-9474-1A3956D46DE8}") = "Domain", "Domain", "{EB93F9A3-A9F4-7E4B-295D-DE5F1DCDF348}"
EndProject
Project("{FAE04EC0-301F-11D3-BF4B-00C04F79EFBC}") = "Radio.Domain", "src\Modules\Radio\Domain\Radio.Domain.csproj", "{E30C0F00-3219-4E10-9F0B-D705730C40B9}"
EndProject
Project("{2150E333-8FDC-42A3-9474-1A3956D46DE8}") = "Application", "Application", "{AA0E96F8-81BA-F823-2A9D-40360EA46DCA}"
EndProject
Project("{FAE04EC0-301F-11D3-BF4B-00C04F79EFBC}") = "Radio.Application", "src\Modules\Radio\Application\Radio.Application.csproj", "{27EE7D8E-B48A-4207-AC52-4C79973DB094}"
EndProject
Project("{2150E333-8FDC-42A3-9474-1A3956D46DE8}") = "Infrastructure", "Infrastructure", "{21B50FE2-D525-2BFF-9B1E-52D8CE824FCD}"
EndProject
Project("{FAE04EC0-301F-11D3-BF4B-00C04F79EFBC}") = "Radio.Infrastructure", "src\Modules\Radio\Infrastructure\Radio.Infrastructure.csproj", "{6E7CE4BD-1BF2-4156-8884-4065FE9B5C9C}"
EndProject
Project("{2150E333-8FDC-42A3-9474-1A3956D46DE8}") = "Quota", "Quota", "{7A772460-85F7-18FA-7654-E7E34442F7BF}"
EndProject
Project("{2150E333-8FDC-42A3-9474-1A3956D46DE8}") = "Domain", "Domain", "{A227F8B8-12C3-4FB3-D071-A5C921A3C53D}"
EndProject
Project("{FAE04EC0-301F-11D3-BF4B-00C04F79EFBC}") = "Quota.Domain", "src\Modules\Quota\Domain\Quota.Domain.csproj", "{30D72972-2BA2-40AD-BF26-6CF3520BDCC9}"
EndProject
Project("{2150E333-8FDC-42A3-9474-1A3956D46DE8}") = "Application", "Application", "{6E0EC26D-7616-E4EA-7A55-E637F36778C9}"
EndProject
Project("{FAE04EC0-301F-11D3-BF4B-00C04F79EFBC}") = "Quota.Application", "src\Modules\Quota\Application\Quota.Application.csproj", "{9A6A3718-2F03-4A01-BB19-B3ED44CEBBB1}"
EndProject
Project("{2150E333-8FDC-42A3-9474-1A3956D46DE8}") = "Infrastructure", "Infrastructure", "{FA023C8D-A45F-90C1-A7DD-FFB2E81AB097}"
EndProject
Project("{FAE04EC0-301F-11D3-BF4B-00C04F79EFBC}") = "Quota.Infrastructure", "src\Modules\Quota\Infrastructure\Quota.Infrastructure.csproj", "{F20326F0-3B30-4CF2-8FAD-8CE8FF5D0255}"
EndProject
Project("{2150E333-8FDC-42A3-9474-1A3956D46DE8}") = "Identity", "Identity", "{0EC62A1A-9858-3A60-8A0C-FC9AACFA2EC7}"
EndProject
Project("{2150E333-8FDC-42A3-9474-1A3956D46DE8}") = "Domain", "Domain", "{4D5DCD5F-56A9-CDDD-B2B1-3C00DD2DF930}"
EndProject
Project("{FAE04EC0-301F-11D3-BF4B-00C04F79EFBC}") = "Identity.Domain", "src\Modules\Identity\Domain\Identity.Domain.csproj", "{8FA15A17-2183-4615-B1AD-1F5326E194ED}"
EndProject
Project("{2150E333-8FDC-42A3-9474-1A3956D46DE8}") = "Application", "Application", "{0DE85A42-5AB0-179C-733E-58510D3B8784}"
EndProject
Project("{FAE04EC0-301F-11D3-BF4B-00C04F79EFBC}") = "Identity.Application", "src\Modules\Identity\Application\Identity.Application.csproj", "{D765E68B-4D7F-4220-BBF3-049BC93AEBCE}"
EndProject
Project("{2150E333-8FDC-42A3-9474-1A3956D46DE8}") = "Infrastructure", "Infrastructure", "{4780257D-0BA4-5E80-C62C-815EC08EBD56}"
EndProject
Project("{FAE04EC0-301F-11D3-BF4B-00C04F79EFBC}") = "Identity.Infrastructure", "src\Modules\Identity\Infrastructure\Identity.Infrastructure.csproj", "{D58BD4C1-FF58-42B1-B1AE-DCC9EC2221C9}"
EndProject
Project("{FAE04EC0-301F-11D3-BF4B-00C04F79EFBC}") = "Host", "src\Host\Host.csproj", "{4C952AAD-F889-49B5-83A2-574618F1DBD9}"
EndProject
Project("{FAE04EC0-301F-11D3-BF4B-00C04F79EFBC}") = "Frontend", "src\Frontend\Frontend.csproj", "{36716A58-7F39-4661-B170-4D0833AABE4B}"
EndProject
Project("{FAE04EC0-301F-11D3-BF4B-00C04F79EFBC}") = "Download.UnitTests", "tests\Download.UnitTests\Download.UnitTests.csproj", "{681628A6-1B25-4794-BF98-A69D200CB9D5}"
EndProject
Project("{FAE04EC0-301F-11D3-BF4B-00C04F79EFBC}") = "Discovery.UnitTests", "tests\Discovery.UnitTests\Discovery.UnitTests.csproj", "{B34F5C01-B559-45D5-A474-4FA8B51F4A93}"
EndProject
Project("{FAE04EC0-301F-11D3-BF4B-00C04F79EFBC}") = "Radio.UnitTests", "tests\Radio.UnitTests\Radio.UnitTests.csproj", "{976A389A-F7A3-4410-99D1-A3EAC3CFD035}"
EndProject
Project("{FAE04EC0-301F-11D3-BF4B-00C04F79EFBC}") = "Quota.UnitTests", "tests\Quota.UnitTests\Quota.UnitTests.csproj", "{F1BFD4DE-0D39-4ABE-96AB-5553B38CBDD2}"
EndProject
Project("{FAE04EC0-301F-11D3-BF4B-00C04F79EFBC}") = "Identity.UnitTests", "tests\Identity.UnitTests\Identity.UnitTests.csproj", "{21514BE2-FAB1-4156-B8AC-3C3D600432C4}"
EndProject
Project("{FAE04EC0-301F-11D3-BF4B-00C04F79EFBC}") = "Download.IntegrationTests", "tests\Download.IntegrationTests\Download.IntegrationTests.csproj", "{21A43DF3-9904-4227-AD1B-7510C669DA33}"
EndProject
Project("{FAE04EC0-301F-11D3-BF4B-00C04F79EFBC}") = "Frontend.ComponentTests", "tests\Frontend.ComponentTests\Frontend.ComponentTests.csproj", "{3571043D-3582-4A8A-BAC4-80E0F218CF3F}"
EndProject
Project("{FAE04EC0-301F-11D3-BF4B-00C04F79EFBC}") = "E2E", "tests\E2E\E2E.csproj", "{5B3D1961-5DA9-4E6C-AEC2-607860949C58}"
EndProject
Global
	GlobalSection(SolutionConfigurationPlatforms) = preSolution
		Debug|Any CPU = Debug|Any CPU
		Debug|x64 = Debug|x64
		Debug|x86 = Debug|x86
		Release|Any CPU = Release|Any CPU
		Release|x64 = Release|x64
		Release|x86 = Release|x86
	EndGlobalSection
	GlobalSection(ProjectConfigurationPlatforms) = postSolution
		{10DBBD30-E12A-41F7-ABB6-3A85308D9B27}.Debug|Any CPU.ActiveCfg = Debug|Any CPU
		{10DBBD30-E12A-41F7-ABB6-3A85308D9B27}.Debug|Any CPU.Build.0 = Debug|Any CPU
		{10DBBD30-E12A-41F7-ABB6-3A85308D9B27}.Debug|x64.ActiveCfg = Debug|Any CPU
		{10DBBD30-E12A-41F7-ABB6-3A85308D9B27}.Debug|x64.Build.0 = Debug|Any CPU
		{10DBBD30-E12A-41F7-ABB6-3A85308D9B27}.Debug|x86.ActiveCfg = Debug|Any CPU
		{10DBBD30-E12A-41F7-ABB6-3A85308D9B27}.Debug|x86.Build.0 = Debug|Any CPU
		{10DBBD30-E12A-41F7-ABB6-3A85308D9B27}.Release|Any CPU.ActiveCfg = Release|Any CPU
		{10DBBD30-E12A-41F7-ABB6-3A85308D9B27}.Release|Any CPU.Build.0 = Release|Any CPU
		{10DBBD30-E12A-41F7-ABB6-3A85308D9B27}.Release|x64.ActiveCfg = Release|Any CPU
		{10DBBD30-E12A-41F7-ABB6-3A85308D9B27}.Release|x64.Build.0 = Release|Any CPU
		{10DBBD30-E12A-41F7-ABB6-3A85308D9B27}.Release|x86.ActiveCfg = Release|Any CPU
		{10DBBD30-E12A-41F7-ABB6-3A85308D9B27}.Release|x86.Build.0 = Release|Any CPU
		{CCE2E419-3F42-4297-8529-BC5F73727A62}.Debug|Any CPU.ActiveCfg = Debug|Any CPU
		{CCE2E419-3F42-4297-8529-BC5F73727A62}.Debug|Any CPU.Build.0 = Debug|Any CPU
		{CCE2E419-3F42-4297-8529-BC5F73727A62}.Debug|x64.ActiveCfg = Debug|Any CPU
		{CCE2E419-3F42-4297-8529-BC5F73727A62}.Debug|x64.Build.0 = Debug|Any CPU
		{CCE2E419-3F42-4297-8529-BC5F73727A62}.Debug|x86.ActiveCfg = Debug|Any CPU
		{CCE2E419-3F42-4297-8529-BC5F73727A62}.Debug|x86.Build.0 = Debug|Any CPU
		{CCE2E419-3F42-4297-8529-BC5F73727A62}.Release|Any CPU.ActiveCfg = Release|Any CPU
		{CCE2E419-3F42-4297-8529-BC5F73727A62}.Release|Any CPU.Build.0 = Release|Any CPU
		{CCE2E419-3F42-4297-8529-BC5F73727A62}.Release|x64.ActiveCfg = Release|Any CPU
		{CCE2E419-3F42-4297-8529-BC5F73727A62}.Release|x64.Build.0 = Release|Any CPU
		{CCE2E419-3F42-4297-8529-BC5F73727A62}.Release|x86.ActiveCfg = Release|Any CPU
		{CCE2E419-3F42-4297-8529-BC5F73727A62}.Release|x86.Build.0 = Release|Any CPU
		{5D5B0658-C1DF-4C76-994F-8C6EC7C94691}.Debug|Any CPU.ActiveCfg = Debug|Any CPU
		{5D5B0658-C1DF-4C76-994F-8C6EC7C94691}.Debug|Any CPU.Build.0 = Debug|Any CPU
		{5D5B0658-C1DF-4C76-994F-8C6EC7C94691}.Debug|x64.ActiveCfg = Debug|Any CPU
		{5D5B0658-C1DF-4C76-994F-8C6EC7C94691}.Debug|x64.Build.0 = Debug|Any CPU
		{5D5B0658-C1DF-4C76-994F-8C6EC7C94691}.Debug|x86.ActiveCfg = Debug|Any CPU
		{5D5B0658-C1DF-4C76-994F-8C6EC7C94691}.Debug|x86.Build.0 = Debug|Any CPU
		{5D5B0658-C1DF-4C76-994F-8C6EC7C94691}.Release|Any CPU.ActiveCfg = Release|Any CPU
		{5D5B0658-C1DF-4C76-994F-8C6EC7C94691}.Release|Any CPU.Build.0 = Release|Any CPU
		{5D5B0658-C1DF-4C76-994F-8C6EC7C94691}.Release|x64.ActiveCfg = Release|Any CPU
		{5D5B0658-C1DF-4C76-994F-8C6EC7C94691}.Release|x64.Build.0 = Release|Any CPU
		{5D5B0658-C1DF-4C76-994F-8C6EC7C94691}.Release|x86.ActiveCfg = Release|Any CPU
		{5D5B0658-C1DF-4C76-994F-8C6EC7C94691}.Release|x86.Build.0 = Release|Any CPU
		{920AEAC6-E2C8-42B9-B03B-550EEB6312CC}.Debug|Any CPU.ActiveCfg = Debug|Any CPU
		{920AEAC6-E2C8-42B9-B03B-550EEB6312CC}.Debug|Any CPU.Build.0 = Debug|Any CPU
		{920AEAC6-E2C8-42B9-B03B-550EEB6312CC}.Debug|x64.ActiveCfg = Debug|Any CPU
		{920AEAC6-E2C8-42B9-B03B-550EEB6312CC}.Debug|x64.Build.0 = Debug|Any CPU
		{920AEAC6-E2C8-42B9-B03B-550EEB6312CC}.Debug|x86.ActiveCfg = Debug|Any CPU
		{920AEAC6-E2C8-42B9-B03B-550EEB6312CC}.Debug|x86.Build.0 = Debug|Any CPU
		{920AEAC6-E2C8-42B9-B03B-550EEB6312CC}.Release|Any CPU.ActiveCfg = Release|Any CPU
		{920AEAC6-E2C8-42B9-B03B-550EEB6312CC}.Release|Any CPU.Build.0 = Release|Any CPU
		{920AEAC6-E2C8-42B9-B03B-550EEB6312CC}.Release|x64.ActiveCfg = Release|Any CPU
		{920AEAC6-E2C8-42B9-B03B-550EEB6312CC}.Release|x64.Build.0 = Release|Any CPU
		{920AEAC6-E2C8-42B9-B03B-550EEB6312CC}.Release|x86.ActiveCfg = Release|Any CPU
		{920AEAC6-E2C8-42B9-B03B-550EEB6312CC}.Release|x86.Build.0 = Release|Any CPU
		{88395799-A2CE-44F1-B446-D402C0AB9EC1}.Debug|Any CPU.ActiveCfg = Debug|Any CPU
		{88395799-A2CE-44F1-B446-D402C0AB9EC1}.Debug|Any CPU.Build.0 = Debug|Any CPU
		{88395799-A2CE-44F1-B446-D402C0AB9EC1}.Debug|x64.ActiveCfg = Debug|Any CPU
		{88395799-A2CE-44F1-B446-D402C0AB9EC1}.Debug|x64.Build.0 = Debug|Any CPU
		{88395799-A2CE-44F1-B446-D402C0AB9EC1}.Debug|x86.ActiveCfg = Debug|Any CPU
		{88395799-A2CE-44F1-B446-D402C0AB9EC1}.Debug|x86.Build.0 = Debug|Any CPU
		{88395799-A2CE-44F1-B446-D402C0AB9EC1}.Release|Any CPU.ActiveCfg = Release|Any CPU
		{88395799-A2CE-44F1-B446-D402C0AB9EC1}.Release|Any CPU.Build.0 = Release|Any CPU
		{88395799-A2CE-44F1-B446-D402C0AB9EC1}.Release|x64.ActiveCfg = Release|Any CPU
		{88395799-A2CE-44F1-B446-D402C0AB9EC1}.Release|x64.Build.0 = Release|Any CPU
		{88395799-A2CE-44F1-B446-D402C0AB9EC1}.Release|x86.ActiveCfg = Release|Any CPU
		{88395799-A2CE-44F1-B446-D402C0AB9EC1}.Release|x86.Build.0 = Release|Any CPU
		{5784AE5C-FF52-4184-BCCE-D6AA72D14600}.Debug|Any CPU.ActiveCfg = Debug|Any CPU
		{5784AE5C-FF52-4184-BCCE-D6AA72D14600}.Debug|Any CPU.Build.0 = Debug|Any CPU
		{5784AE5C-FF52-4184-BCCE-D6AA72D14600}.Debug|x64.ActiveCfg = Debug|Any CPU
		{5784AE5C-FF52-4184-BCCE-D6AA72D14600}.Debug|x64.Build.0 = Debug|Any CPU
		{5784AE5C-FF52-4184-BCCE-D6AA72D14600}.Debug|x86.ActiveCfg = Debug|Any CPU
		{5784AE5C-FF52-4184-BCCE-D6AA72D14600}.Debug|x86.Build.0 = Debug|Any CPU
		{5784AE5C-FF52-4184-BCCE-D6AA72D14600}.Release|Any CPU.ActiveCfg = Release|Any CPU
		{5784AE5C-FF52-4184-BCCE-D6AA72D14600}.Release|Any CPU.Build.0 = Release|Any CPU
		{5784AE5C-FF52-4184-BCCE-D6AA72D14600}.Release|x64.ActiveCfg = Release|Any CPU
		{5784AE5C-FF52-4184-BCCE-D6AA72D14600}.Release|x64.Build.0 = Release|Any CPU
		{5784AE5C-FF52-4184-BCCE-D6AA72D14600}.Release|x86.ActiveCfg = Release|Any CPU
		{5784AE5C-FF52-4184-BCCE-D6AA72D14600}.Release|x86.Build.0 = Release|Any CPU
		{D6C42139-3634-42AF-A3E4-096422514D9C}.Debug|Any CPU.ActiveCfg = Debug|Any CPU
		{D6C42139-3634-42AF-A3E4-096422514D9C}.Debug|Any CPU.Build.0 = Debug|Any CPU
		{D6C42139-3634-42AF-A3E4-096422514D9C}.Debug|x64.ActiveCfg = Debug|Any CPU
		{D6C42139-3634-42AF-A3E4-096422514D9C}.Debug|x64.Build.0 = Debug|Any CPU
		{D6C42139-3634-42AF-A3E4-096422514D9C}.Debug|x86.ActiveCfg = Debug|Any CPU
		{D6C42139-3634-42AF-A3E4-096422514D9C}.Debug|x86.Build.0 = Debug|Any CPU
		{D6C42139-3634-42AF-A3E4-096422514D9C}.Release|Any CPU.ActiveCfg = Release|Any CPU
		{D6C42139-3634-42AF-A3E4-096422514D9C}.Release|Any CPU.Build.0 = Release|Any CPU
		{D6C42139-3634-42AF-A3E4-096422514D9C}.Release|x64.ActiveCfg = Release|Any CPU
		{D6C42139-3634-42AF-A3E4-096422514D9C}.Release|x64.Build.0 = Release|Any CPU
		{D6C42139-3634-42AF-A3E4-096422514D9C}.Release|x86.ActiveCfg = Release|Any CPU
		{D6C42139-3634-42AF-A3E4-096422514D9C}.Release|x86.Build.0 = Release|Any CPU
		{3C8C18B6-2D37-4B4C-9E62-3851E07BEF30}.Debug|Any CPU.ActiveCfg = Debug|Any CPU
		{3C8C18B6-2D37-4B4C-9E62-3851E07BEF30}.Debug|Any CPU.Build.0 = Debug|Any CPU
		{3C8C18B6-2D37-4B4C-9E62-3851E07BEF30}.Debug|x64.ActiveCfg = Debug|Any CPU
		{3C8C18B6-2D37-4B4C-9E62-3851E07BEF30}.Debug|x64.Build.0 = Debug|Any CPU
		{3C8C18B6-2D37-4B4C-9E62-3851E07BEF30}.Debug|x86.ActiveCfg = Debug|Any CPU
		{3C8C18B6-2D37-4B4C-9E62-3851E07BEF30}.Debug|x86.Build.0 = Debug|Any CPU
		{3C8C18B6-2D37-4B4C-9E62-3851E07BEF30}.Release|Any CPU.ActiveCfg = Release|Any CPU
		{3C8C18B6-2D37-4B4C-9E62-3851E07BEF30}.Release|Any CPU.Build.0 = Release|Any CPU
		{3C8C18B6-2D37-4B4C-9E62-3851E07BEF30}.Release|x64.ActiveCfg = Release|Any CPU
		{3C8C18B6-2D37-4B4C-9E62-3851E07BEF30}.Release|x64.Build.0 = Release|Any CPU
		{3C8C18B6-2D37-4B4C-9E62-3851E07BEF30}.Release|x86.ActiveCfg = Release|Any CPU
		{3C8C18B6-2D37-4B4C-9E62-3851E07BEF30}.Release|x86.Build.0 = Release|Any CPU
		{E30C0F00-3219-4E10-9F0B-D705730C40B9}.Debug|Any CPU.ActiveCfg = Debug|Any CPU
		{E30C0F00-3219-4E10-9F0B-D705730C40B9}.Debug|Any CPU.Build.0 = Debug|Any CPU
		{E30C0F00-3219-4E10-9F0B-D705730C40B9}.Debug|x64.ActiveCfg = Debug|Any CPU
		{E30C0F00-3219-4E10-9F0B-D705730C40B9}.Debug|x64.Build.0 = Debug|Any CPU
		{E30C0F00-3219-4E10-9F0B-D705730C40B9}.Debug|x86.ActiveCfg = Debug|Any CPU
		{E30C0F00-3219-4E10-9F0B-D705730C40B9}.Debug|x86.Build.0 = Debug|Any CPU
		{E30C0F00-3219-4E10-9F0B-D705730C40B9}.Release|Any CPU.ActiveCfg = Release|Any CPU
		{E30C0F00-3219-4E10-9F0B-D705730C40B9}.Release|Any CPU.Build.0 = Release|Any CPU
		{E30C0F00-3219-4E10-9F0B-D705730C40B9}.Release|x64.ActiveCfg = Release|Any CPU
		{E30C0F00-3219-4E10-9F0B-D705730C40B9}.Release|x64.Build.0 = Release|Any CPU
		{E30C0F00-3219-4E10-9F0B-D705730C40B9}.Release|x86.ActiveCfg = Release|Any CPU
		{E30C0F00-3219-4E10-9F0B-D705730C40B9}.Release|x86.Build.0 = Release|Any CPU
		{27EE7D8E-B48A-4207-AC52-4C79973DB094}.Debug|Any CPU.ActiveCfg = Debug|Any CPU
		{27EE7D8E-B48A-4207-AC52-4C79973DB094}.Debug|Any CPU.Build.0 = Debug|Any CPU
		{27EE7D8E-B48A-4207-AC52-4C79973DB094}.Debug|x64.ActiveCfg = Debug|Any CPU
		{27EE7D8E-B48A-4207-AC52-4C79973DB094}.Debug|x64.Build.0 = Debug|Any CPU
		{27EE7D8E-B48A-4207-AC52-4C79973DB094}.Debug|x86.ActiveCfg = Debug|Any CPU
		{27EE7D8E-B48A-4207-AC52-4C79973DB094}.Debug|x86.Build.0 = Debug|Any CPU
		{27EE7D8E-B48A-4207-AC52-4C79973DB094}.Release|Any CPU.ActiveCfg = Release|Any CPU
		{27EE7D8E-B48A-4207-AC52-4C79973DB094}.Release|Any CPU.Build.0 = Release|Any CPU
		{27EE7D8E-B48A-4207-AC52-4C79973DB094}.Release|x64.ActiveCfg = Release|Any CPU
		{27EE7D8E-B48A-4207-AC52-4C79973DB094}.Release|x64.Build.0 = Release|Any CPU
		{27EE7D8E-B48A-4207-AC52-4C79973DB094}.Release|x86.ActiveCfg = Release|Any CPU
		{27EE7D8E-B48A-4207-AC52-4C79973DB094}.Release|x86.Build.0 = Release|Any CPU
		{6E7CE4BD-1BF2-4156-8884-4065FE9B5C9C}.Debug|Any CPU.ActiveCfg = Debug|Any CPU
		{6E7CE4BD-1BF2-4156-8884-4065FE9B5C9C}.Debug|Any CPU.Build.0 = Debug|Any CPU
		{6E7CE4BD-1BF2-4156-8884-4065FE9B5C9C}.Debug|x64.ActiveCfg = Debug|Any CPU
		{6E7CE4BD-1BF2-4156-8884-4065FE9B5C9C}.Debug|x64.Build.0 = Debug|Any CPU
		{6E7CE4BD-1BF2-4156-8884-4065FE9B5C9C}.Debug|x86.ActiveCfg = Debug|Any CPU
		{6E7CE4BD-1BF2-4156-8884-4065FE9B5C9C}.Debug|x86.Build.0 = Debug|Any CPU
		{6E7CE4BD-1BF2-4156-8884-4065FE9B5C9C}.Release|Any CPU.ActiveCfg = Release|Any CPU
		{6E7CE4BD-1BF2-4156-8884-4065FE9B5C9C}.Release|Any CPU.Build.0 = Release|Any CPU
		{6E7CE4BD-1BF2-4156-8884-4065FE9B5C9C}.Release|x64.ActiveCfg = Release|Any CPU
		{6E7CE4BD-1BF2-4156-8884-4065FE9B5C9C}.Release|x64.Build.0 = Release|Any CPU
		{6E7CE4BD-1BF2-4156-8884-4065FE9B5C9C}.Release|x86.ActiveCfg = Release|Any CPU
		{6E7CE4BD-1BF2-4156-8884-4065FE9B5C9C}.Release|x86.Build.0 = Release|Any CPU
		{30D72972-2BA2-40AD-BF26-6CF3520BDCC9}.Debug|Any CPU.ActiveCfg = Debug|Any CPU
		{30D72972-2BA2-40AD-BF26-6CF3520BDCC9}.Debug|Any CPU.Build.0 = Debug|Any CPU
		{30D72972-2BA2-40AD-BF26-6CF3520BDCC9}.Debug|x64.ActiveCfg = Debug|Any CPU
		{30D72972-2BA2-40AD-BF26-6CF3520BDCC9}.Debug|x64.Build.0 = Debug|Any CPU
		{30D72972-2BA2-40AD-BF26-6CF3520BDCC9}.Debug|x86.ActiveCfg = Debug|Any CPU
		{30D72972-2BA2-40AD-BF26-6CF3520BDCC9}.Debug|x86.Build.0 = Debug|Any CPU
		{30D72972-2BA2-40AD-BF26-6CF3520BDCC9}.Release|Any CPU.ActiveCfg = Release|Any CPU
		{30D72972-2BA2-40AD-BF26-6CF3520BDCC9}.Release|Any CPU.Build.0 = Release|Any CPU
		{30D72972-2BA2-40AD-BF26-6CF3520BDCC9}.Release|x64.ActiveCfg = Release|Any CPU
		{30D72972-2BA2-40AD-BF26-6CF3520BDCC9}.Release|x64.Build.0 = Release|Any CPU
		{30D72972-2BA2-40AD-BF26-6CF3520BDCC9}.Release|x86.ActiveCfg = Release|Any CPU
		{30D72972-2BA2-40AD-BF26-6CF3520BDCC9}.Release|x86.Build.0 = Release|Any CPU
		{9A6A3718-2F03-4A01-BB19-B3ED44CEBBB1}.Debug|Any CPU.ActiveCfg = Debug|Any CPU
		{9A6A3718-2F03-4A01-BB19-B3ED44CEBBB1}.Debug|Any CPU.Build.0 = Debug|Any CPU
		{9A6A3718-2F03-4A01-BB19-B3ED44CEBBB1}.Debug|x64.ActiveCfg = Debug|Any CPU
		{9A6A3718-2F03-4A01-BB19-B3ED44CEBBB1}.Debug|x64.Build.0 = Debug|Any CPU
		{9A6A3718-2F03-4A01-BB19-B3ED44CEBBB1}.Debug|x86.ActiveCfg = Debug|Any CPU
		{9A6A3718-2F03-4A01-BB19-B3ED44CEBBB1}.Debug|x86.Build.0 = Debug|Any CPU
		{9A6A3718-2F03-4A01-BB19-B3ED44CEBBB1}.Release|Any CPU.ActiveCfg = Release|Any CPU
		{9A6A3718-2F03-4A01-BB19-B3ED44CEBBB1}.Release|Any CPU.Build.0 = Release|Any CPU
		{9A6A3718-2F03-4A01-BB19-B3ED44CEBBB1}.Release|x64.ActiveCfg = Release|Any CPU
		{9A6A3718-2F03-4A01-BB19-B3ED44CEBBB1}.Release|x64.Build.0 = Release|Any CPU
		{9A6A3718-2F03-4A01-BB19-B3ED44CEBBB1}.Release|x86.ActiveCfg = Release|Any CPU
		{9A6A3718-2F03-4A01-BB19-B3ED44CEBBB1}.Release|x86.Build.0 = Release|Any CPU
		{F20326F0-3B30-4CF2-8FAD-8CE8FF5D0255}.Debug|Any CPU.ActiveCfg = Debug|Any CPU
		{F20326F0-3B30-4CF2-8FAD-8CE8FF5D0255}.Debug|Any CPU.Build.0 = Debug|Any CPU
		{F20326F0-3B30-4CF2-8FAD-8CE8FF5D0255}.Debug|x64.ActiveCfg = Debug|Any CPU
		{F20326F0-3B30-4CF2-8FAD-8CE8FF5D0255}.Debug|x64.Build.0 = Debug|Any CPU
		{F20326F0-3B30-4CF2-8FAD-8CE8FF5D0255}.Debug|x86.ActiveCfg = Debug|Any CPU
		{F20326F0-3B30-4CF2-8FAD-8CE8FF5D0255}.Debug|x86.Build.0 = Debug|Any CPU
		{F20326F0-3B30-4CF2-8FAD-8CE8FF5D0255}.Release|Any CPU.ActiveCfg = Release|Any CPU
		{F20326F0-3B30-4CF2-8FAD-8CE8FF5D0255}.Release|Any CPU.Build.0 = Release|Any CPU
		{F20326F0-3B30-4CF2-8FAD-8CE8FF5D0255}.Release|x64.ActiveCfg = Release|Any CPU
		{F20326F0-3B30-4CF2-8FAD-8CE8FF5D0255}.Release|x64.Build.0 = Release|Any CPU
		{F20326F0-3B30-4CF2-8FAD-8CE8FF5D0255}.Release|x86.ActiveCfg = Release|Any CPU
		{F20326F0-3B30-4CF2-8FAD-8CE8FF5D0255}.Release|x86.Build.0 = Release|Any CPU
		{8FA15A17-2183-4615-B1AD-1F5326E194ED}.Debug|Any CPU.ActiveCfg = Debug|Any CPU
		{8FA15A17-2183-4615-B1AD-1F5326E194ED}.Debug|Any CPU.Build.0 = Debug|Any CPU
		{8FA15A17-2183-4615-B1AD-1F5326E194ED}.Debug|x64.ActiveCfg = Debug|Any CPU
		{8FA15A17-2183-4615-B1AD-1F5326E194ED}.Debug|x64.Build.0 = Debug|Any CPU
		{8FA15A17-2183-4615-B1AD-1F5326E194ED}.Debug|x86.ActiveCfg = Debug|Any CPU
		{8FA15A17-2183-4615-B1AD-1F5326E194ED}.Debug|x86.Build.0 = Debug|Any CPU
		{8FA15A17-2183-4615-B1AD-1F5326E194ED}.Release|Any CPU.ActiveCfg = Release|Any CPU
		{8FA15A17-2183-4615-B1AD-1F5326E194ED}.Release|Any CPU.Build.0 = Release|Any CPU
		{8FA15A17-2183-4615-B1AD-1F5326E194ED}.Release|x64.ActiveCfg = Release|Any CPU
		{8FA15A17-2183-4615-B1AD-1F5326E194ED}.Release|x64.Build.0 = Release|Any CPU
		{8FA15A17-2183-4615-B1AD-1F5326E194ED}.Release|x86.ActiveCfg = Release|Any CPU
		{8FA15A17-2183-4615-B1AD-1F5326E194ED}.Release|x86.Build.0 = Release|Any CPU
		{D765E68B-4D7F-4220-BBF3-049BC93AEBCE}.Debug|Any CPU.ActiveCfg = Debug|Any CPU
		{D765E68B-4D7F-4220-BBF3-049BC93AEBCE}.Debug|Any CPU.Build.0 = Debug|Any CPU
		{D765E68B-4D7F-4220-BBF3-049BC93AEBCE}.Debug|x64.ActiveCfg = Debug|Any CPU
		{D765E68B-4D7F-4220-BBF3-049BC93AEBCE}.Debug|x64.Build.0 = Debug|Any CPU
		{D765E68B-4D7F-4220-BBF3-049BC93AEBCE}.Debug|x86.ActiveCfg = Debug|Any CPU
		{D765E68B-4D7F-4220-BBF3-049BC93AEBCE}.Debug|x86.Build.0 = Debug|Any CPU
		{D765E68B-4D7F-4220-BBF3-049BC93AEBCE}.Release|Any CPU.ActiveCfg = Release|Any CPU
		{D765E68B-4D7F-4220-BBF3-049BC93AEBCE}.Release|Any CPU.Build.0 = Release|Any CPU
		{D765E68B-4D7F-4220-BBF3-049BC93AEBCE}.Release|x64.ActiveCfg = Release|Any CPU
		{D765E68B-4D7F-4220-BBF3-049BC93AEBCE}.Release|x64.Build.0 = Release|Any CPU
		{D765E68B-4D7F-4220-BBF3-049BC93AEBCE}.Release|x86.ActiveCfg = Release|Any CPU
		{D765E68B-4D7F-4220-BBF3-049BC93AEBCE}.Release|x86.Build.0 = Release|Any CPU
		{D58BD4C1-FF58-42B1-B1AE-DCC9EC2221C9}.Debug|Any CPU.ActiveCfg = Debug|Any CPU
		{D58BD4C1-FF58-42B1-B1AE-DCC9EC2221C9}.Debug|Any CPU.Build.0 = Debug|Any CPU
		{D58BD4C1-FF58-42B1-B1AE-DCC9EC2221C9}.Debug|x64.ActiveCfg = Debug|Any CPU
		{D58BD4C1-FF58-42B1-B1AE-DCC9EC2221C9}.Debug|x64.Build.0 = Debug|Any CPU
		{D58BD4C1-FF58-42B1-B1AE-DCC9EC2221C9}.Debug|x86.ActiveCfg = Debug|Any CPU
		{D58BD4C1-FF58-42B1-B1AE-DCC9EC2221C9}.Debug|x86.Build.0 = Debug|Any CPU
		{D58BD4C1-FF58-42B1-B1AE-DCC9EC2221C9}.Release|Any CPU.ActiveCfg = Release|Any CPU
		{D58BD4C1-FF58-42B1-B1AE-DCC9EC2221C9}.Release|Any CPU.Build.0 = Release|Any CPU
		{D58BD4C1-FF58-42B1-B1AE-DCC9EC2221C9}.Release|x64.ActiveCfg = Release|Any CPU
		{D58BD4C1-FF58-42B1-B1AE-DCC9EC2221C9}.Release|x64.Build.0 = Release|Any CPU
		{D58BD4C1-FF58-42B1-B1AE-DCC9EC2221C9}.Release|x86.ActiveCfg = Release|Any CPU
		{D58BD4C1-FF58-42B1-B1AE-DCC9EC2221C9}.Release|x86.Build.0 = Release|Any CPU
		{4C952AAD-F889-49B5-83A2-574618F1DBD9}.Debug|Any CPU.ActiveCfg = Debug|Any CPU
		{4C952AAD-F889-49B5-83A2-574618F1DBD9}.Debug|Any CPU.Build.0 = Debug|Any CPU
		{4C952AAD-F889-49B5-83A2-574618F1DBD9}.Debug|x64.ActiveCfg = Debug|Any CPU
		{4C952AAD-F889-49B5-83A2-574618F1DBD9}.Debug|x64.Build.0 = Debug|Any CPU
		{4C952AAD-F889-49B5-83A2-574618F1DBD9}.Debug|x86.ActiveCfg = Debug|Any CPU
		{4C952AAD-F889-49B5-83A2-574618F1DBD9}.Debug|x86.Build.0 = Debug|Any CPU
		{4C952AAD-F889-49B5-83A2-574618F1DBD9}.Release|Any CPU.ActiveCfg = Release|Any CPU
		{4C952AAD-F889-49B5-83A2-574618F1DBD9}.Release|Any CPU.Build.0 = Release|Any CPU
		{4C952AAD-F889-49B5-83A2-574618F1DBD9}.Release|x64.ActiveCfg = Release|Any CPU
		{4C952AAD-F889-49B5-83A2-574618F1DBD9}.Release|x64.Build.0 = Release|Any CPU
		{4C952AAD-F889-49B5-83A2-574618F1DBD9}.Release|x86.ActiveCfg = Release|Any CPU
		{4C952AAD-F889-49B5-83A2-574618F1DBD9}.Release|x86.Build.0 = Release|Any CPU
		{36716A58-7F39-4661-B170-4D0833AABE4B}.Debug|Any CPU.ActiveCfg = Debug|Any CPU
		{36716A58-7F39-4661-B170-4D0833AABE4B}.Debug|Any CPU.Build.0 = Debug|Any CPU
		{36716A58-7F39-4661-B170-4D0833AABE4B}.Debug|x64.ActiveCfg = Debug|Any CPU
		{36716A58-7F39-4661-B170-4D0833AABE4B}.Debug|x64.Build.0 = Debug|Any CPU
		{36716A58-7F39-4661-B170-4D0833AABE4B}.Debug|x86.ActiveCfg = Debug|Any CPU
		{36716A58-7F39-4661-B170-4D0833AABE4B}.Debug|x86.Build.0 = Debug|Any CPU
		{36716A58-7F39-4661-B170-4D0833AABE4B}.Release|Any CPU.ActiveCfg = Release|Any CPU
		{36716A58-7F39-4661-B170-4D0833AABE4B}.Release|Any CPU.Build.0 = Release|Any CPU
		{36716A58-7F39-4661-B170-4D0833AABE4B}.Release|x64.ActiveCfg = Release|Any CPU
		{36716A58-7F39-4661-B170-4D0833AABE4B}.Release|x64.Build.0 = Release|Any CPU
		{36716A58-7F39-4661-B170-4D0833AABE4B}.Release|x86.ActiveCfg = Release|Any CPU
		{36716A58-7F39-4661-B170-4D0833AABE4B}.Release|x86.Build.0 = Release|Any CPU
		{681628A6-1B25-4794-BF98-A69D200CB9D5}.Debug|Any CPU.ActiveCfg = Debug|Any CPU
		{681628A6-1B25-4794-BF98-A69D200CB9D5}.Debug|Any CPU.Build.0 = Debug|Any CPU
		{681628A6-1B25-4794-BF98-A69D200CB9D5}.Debug|x64.ActiveCfg = Debug|Any CPU
		{681628A6-1B25-4794-BF98-A69D200CB9D5}.Debug|x64.Build.0 = Debug|Any CPU
		{681628A6-1B25-4794-BF98-A69D200CB9D5}.Debug|x86.ActiveCfg = Debug|Any CPU
		{681628A6-1B25-4794-BF98-A69D200CB9D5}.Debug|x86.Build.0 = Debug|Any CPU
		{681628A6-1B25-4794-BF98-A69D200CB9D5}.Release|Any CPU.ActiveCfg = Release|Any CPU
		{681628A6-1B25-4794-BF98-A69D200CB9D5}.Release|Any CPU.Build.0 = Release|Any CPU
		{681628A6-1B25-4794-BF98-A69D200CB9D5}.Release|x64.ActiveCfg = Release|Any CPU
		{681628A6-1B25-4794-BF98-A69D200CB9D5}.Release|x64.Build.0 = Release|Any CPU
		{681628A6-1B25-4794-BF98-A69D200CB9D5}.Release|x86.ActiveCfg = Release|Any CPU
		{681628A6-1B25-4794-BF98-A69D200CB9D5}.Release|x86.Build.0 = Release|Any CPU
		{B34F5C01-B559-45D5-A474-4FA8B51F4A93}.Debug|Any CPU.ActiveCfg = Debug|Any CPU
		{B34F5C01-B559-45D5-A474-4FA8B51F4A93}.Debug|Any CPU.Build.0 = Debug|Any CPU
		{B34F5C01-B559-45D5-A474-4FA8B51F4A93}.Debug|x64.ActiveCfg = Debug|Any CPU
		{B34F5C01-B559-45D5-A474-4FA8B51F4A93}.Debug|x64.Build.0 = Debug|Any CPU
		{B34F5C01-B559-45D5-A474-4FA8B51F4A93}.Debug|x86.ActiveCfg = Debug|Any CPU
		{B34F5C01-B559-45D5-A474-4FA8B51F4A93}.Debug|x86.Build.0 = Debug|Any CPU
		{B34F5C01-B559-45D5-A474-4FA8B51F4A93}.Release|Any CPU.ActiveCfg = Release|Any CPU
		{B34F5C01-B559-45D5-A474-4FA8B51F4A93}.Release|Any CPU.Build.0 = Release|Any CPU
		{B34F5C01-B559-45D5-A474-4FA8B51F4A93}.Release|x64.ActiveCfg = Release|Any CPU
		{B34F5C01-B559-45D5-A474-4FA8B51F4A93}.Release|x64.Build.0 = Release|Any CPU
		{B34F5C01-B559-45D5-A474-4FA8B51F4A93}.Release|x86.ActiveCfg = Release|Any CPU
		{B34F5C01-B559-45D5-A474-4FA8B51F4A93}.Release|x86.Build.0 = Release|Any CPU
		{976A389A-F7A3-4410-99D1-A3EAC3CFD035}.Debug|Any CPU.ActiveCfg = Debug|Any CPU
		{976A389A-F7A3-4410-99D1-A3EAC3CFD035}.Debug|Any CPU.Build.0 = Debug|Any CPU
		{976A389A-F7A3-4410-99D1-A3EAC3CFD035}.Debug|x64.ActiveCfg = Debug|Any CPU
		{976A389A-F7A3-4410-99D1-A3EAC3CFD035}.Debug|x64.Build.0 = Debug|Any CPU
		{976A389A-F7A3-4410-99D1-A3EAC3CFD035}.Debug|x86.ActiveCfg = Debug|Any CPU
		{976A389A-F7A3-4410-99D1-A3EAC3CFD035}.Debug|x86.Build.0 = Debug|Any CPU
		{976A389A-F7A3-4410-99D1-A3EAC3CFD035}.Release|Any CPU.ActiveCfg = Release|Any CPU
		{976A389A-F7A3-4410-99D1-A3EAC3CFD035}.Release|Any CPU.Build.0 = Release|Any CPU
		{976A389A-F7A3-4410-99D1-A3EAC3CFD035}.Release|x64.ActiveCfg = Release|Any CPU
		{976A389A-F7A3-4410-99D1-A3EAC3CFD035}.Release|x64.Build.0 = Release|Any CPU
		{976A389A-F7A3-4410-99D1-A3EAC3CFD035}.Release|x86.ActiveCfg = Release|Any CPU
		{976A389A-F7A3-4410-99D1-A3EAC3CFD035}.Release|x86.Build.0 = Release|Any CPU
		{F1BFD4DE-0D39-4ABE-96AB-5553B38CBDD2}.Debug|Any CPU.ActiveCfg = Debug|Any CPU
		{F1BFD4DE-0D39-4ABE-96AB-5553B38CBDD2}.Debug|Any CPU.Build.0 = Debug|Any CPU
		{F1BFD4DE-0D39-4ABE-96AB-5553B38CBDD2}.Debug|x64.ActiveCfg = Debug|Any CPU
		{F1BFD4DE-0D39-4ABE-96AB-5553B38CBDD2}.Debug|x64.Build.0 = Debug|Any CPU
		{F1BFD4DE-0D39-4ABE-96AB-5553B38CBDD2}.Debug|x86.ActiveCfg = Debug|Any CPU
		{F1BFD4DE-0D39-4ABE-96AB-5553B38CBDD2}.Debug|x86.Build.0 = Debug|Any CPU
		{F1BFD4DE-0D39-4ABE-96AB-5553B38CBDD2}.Release|Any CPU.ActiveCfg = Release|Any CPU
		{F1BFD4DE-0D39-4ABE-96AB-5553B38CBDD2}.Release|Any CPU.Build.0 = Release|Any CPU
		{F1BFD4DE-0D39-4ABE-96AB-5553B38CBDD2}.Release|x64.ActiveCfg = Release|Any CPU
		{F1BFD4DE-0D39-4ABE-96AB-5553B38CBDD2}.Release|x64.Build.0 = Release|Any CPU
		{F1BFD4DE-0D39-4ABE-96AB-5553B38CBDD2}.Release|x86.ActiveCfg = Release|Any CPU
		{F1BFD4DE-0D39-4ABE-96AB-5553B38CBDD2}.Release|x86.Build.0 = Release|Any CPU
		{21514BE2-FAB1-4156-B8AC-3C3D600432C4}.Debug|Any CPU.ActiveCfg = Debug|Any CPU
		{21514BE2-FAB1-4156-B8AC-3C3D600432C4}.Debug|Any CPU.Build.0 = Debug|Any CPU
		{21514BE2-FAB1-4156-B8AC-3C3D600432C4}.Debug|x64.ActiveCfg = Debug|Any CPU
		{21514BE2-FAB1-4156-B8AC-3C3D600432C4}.Debug|x64.Build.0 = Debug|Any CPU
		{21514BE2-FAB1-4156-B8AC-3C3D600432C4}.Debug|x86.ActiveCfg = Debug|Any CPU
		{21514BE2-FAB1-4156-B8AC-3C3D600432C4}.Debug|x86.Build.0 = Debug|Any CPU
		{21514BE2-FAB1-4156-B8AC-3C3D600432C4}.Release|Any CPU.ActiveCfg = Release|Any CPU
		{21514BE2-FAB1-4156-B8AC-3C3D600432C4}.Release|Any CPU.Build.0 = Release|Any CPU
		{21514BE2-FAB1-4156-B8AC-3C3D600432C4}.Release|x64.ActiveCfg = Release|Any CPU
		{21514BE2-FAB1-4156-B8AC-3C3D600432C4}.Release|x64.Build.0 = Release|Any CPU
		{21514BE2-FAB1-4156-B8AC-3C3D600432C4}.Release|x86.ActiveCfg = Release|Any CPU
		{21514BE2-FAB1-4156-B8AC-3C3D600432C4}.Release|x86.Build.0 = Release|Any CPU
		{21A43DF3-9904-4227-AD1B-7510C669DA33}.Debug|Any CPU.ActiveCfg = Debug|Any CPU
		{21A43DF3-9904-4227-AD1B-7510C669DA33}.Debug|Any CPU.Build.0 = Debug|Any CPU
		{21A43DF3-9904-4227-AD1B-7510C669DA33}.Debug|x64.ActiveCfg = Debug|Any CPU
		{21A43DF3-9904-4227-AD1B-7510C669DA33}.Debug|x64.Build.0 = Debug|Any CPU
		{21A43DF3-9904-4227-AD1B-7510C669DA33}.Debug|x86.ActiveCfg = Debug|Any CPU
		{21A43DF3-9904-4227-AD1B-7510C669DA33}.Debug|x86.Build.0 = Debug|Any CPU
		{21A43DF3-9904-4227-AD1B-7510C669DA33}.Release|Any CPU.ActiveCfg = Release|Any CPU
		{21A43DF3-9904-4227-AD1B-7510C669DA33}.Release|Any CPU.Build.0 = Release|Any CPU
		{21A43DF3-9904-4227-AD1B-7510C669DA33}.Release|x64.ActiveCfg = Release|Any CPU
		{21A43DF3-9904-4227-AD1B-7510C669DA33}.Release|x64.Build.0 = Release|Any CPU
		{21A43DF3-9904-4227-AD1B-7510C669DA33}.Release|x86.ActiveCfg = Release|Any CPU
		{21A43DF3-9904-4227-AD1B-7510C669DA33}.Release|x86.Build.0 = Release|Any CPU
		{3571043D-3582-4A8A-BAC4-80E0F218CF3F}.Debug|Any CPU.ActiveCfg = Debug|Any CPU
		{3571043D-3582-4A8A-BAC4-80E0F218CF3F}.Debug|Any CPU.Build.0 = Debug|Any CPU
		{3571043D-3582-4A8A-BAC4-80E0F218CF3F}.Debug|x64.ActiveCfg = Debug|Any CPU
		{3571043D-3582-4A8A-BAC4-80E0F218CF3F}.Debug|x64.Build.0 = Debug|Any CPU
		{3571043D-3582-4A8A-BAC4-80E0F218CF3F}.Debug|x86.ActiveCfg = Debug|Any CPU
		{3571043D-3582-4A8A-BAC4-80E0F218CF3F}.Debug|x86.Build.0 = Debug|Any CPU
		{3571043D-3582-4A8A-BAC4-80E0F218CF3F}.Release|Any CPU.ActiveCfg = Release|Any CPU
		{3571043D-3582-4A8A-BAC4-80E0F218CF3F}.Release|Any CPU.Build.0 = Release|Any CPU
		{3571043D-3582-4A8A-BAC4-80E0F218CF3F}.Release|x64.ActiveCfg = Release|Any CPU
		{3571043D-3582-4A8A-BAC4-80E0F218CF3F}.Release|x64.Build.0 = Release|Any CPU
		{3571043D-3582-4A8A-BAC4-80E0F218CF3F}.Release|x86.ActiveCfg = Release|Any CPU
		{3571043D-3582-4A8A-BAC4-80E0F218CF3F}.Release|x86.Build.0 = Release|Any CPU
		{5B3D1961-5DA9-4E6C-AEC2-607860949C58}.Debug|Any CPU.ActiveCfg = Debug|Any CPU
		{5B3D1961-5DA9-4E6C-AEC2-607860949C58}.Debug|Any CPU.Build.0 = Debug|Any CPU
		{5B3D1961-5DA9-4E6C-AEC2-607860949C58}.Debug|x64.ActiveCfg = Debug|Any CPU
		{5B3D1961-5DA9-4E6C-AEC2-607860949C58}.Debug|x64.Build.0 = Debug|Any CPU
		{5B3D1961-5DA9-4E6C-AEC2-607860949C58}.Debug|x86.ActiveCfg = Debug|Any CPU
		{5B3D1961-5DA9-4E6C-AEC2-607860949C58}.Debug|x86.Build.0 = Debug|Any CPU
		{5B3D1961-5DA9-4E6C-AEC2-607860949C58}.Release|Any CPU.ActiveCfg = Release|Any CPU
		{5B3D1961-5DA9-4E6C-AEC2-607860949C58}.Release|Any CPU.Build.0 = Release|Any CPU
		{5B3D1961-5DA9-4E6C-AEC2-607860949C58}.Release|x64.ActiveCfg = Release|Any CPU
		{5B3D1961-5DA9-4E6C-AEC2-607860949C58}.Release|x64.Build.0 = Release|Any CPU
		{5B3D1961-5DA9-4E6C-AEC2-607860949C58}.Release|x86.ActiveCfg = Release|Any CPU
		{5B3D1961-5DA9-4E6C-AEC2-607860949C58}.Release|x86.Build.0 = Release|Any CPU
	EndGlobalSection
	GlobalSection(SolutionProperties) = preSolution
		HideSolutionNode = FALSE
	EndGlobalSection
	GlobalSection(NestedProjects) = preSolution
		{10DBBD30-E12A-41F7-ABB6-3A85308D9B27} = {827E0CD3-B72D-47B6-A68D-7590B98EB39B}
		{CCE2E419-3F42-4297-8529-BC5F73727A62} = {0AB3BF05-4346-4AA6-1389-037BE0695223}
		{EC447DCF-ABFA-6E24-52A5-D7FD48A5C558} = {827E0CD3-B72D-47B6-A68D-7590B98EB39B}
		{E62E345F-C9D6-71FC-8A4B-1350A0C33F94} = {EC447DCF-ABFA-6E24-52A5-D7FD48A5C558}
		{F27F7BB3-D551-B6EE-24B1-67170A3E0AF6} = {E62E345F-C9D6-71FC-8A4B-1350A0C33F94}
		{5D5B0658-C1DF-4C76-994F-8C6EC7C94691} = {F27F7BB3-D551-B6EE-24B1-67170A3E0AF6}
		{E40C6BAE-8A5F-0CB1-F785-211CB52B499A} = {E62E345F-C9D6-71FC-8A4B-1350A0C33F94}
		{920AEAC6-E2C8-42B9-B03B-550EEB6312CC} = {E40C6BAE-8A5F-0CB1-F785-211CB52B499A}
		{20E10D4C-4AAA-FAC8-8B9B-EADE66692919} = {E62E345F-C9D6-71FC-8A4B-1350A0C33F94}
		{88395799-A2CE-44F1-B446-D402C0AB9EC1} = {20E10D4C-4AAA-FAC8-8B9B-EADE66692919}
		{45D4843E-D65D-046D-A47C-6FD9A62F431A} = {EC447DCF-ABFA-6E24-52A5-D7FD48A5C558}
		{C4D6D0DB-F1C3-FDE2-25BA-FDFDF9C14A9B} = {45D4843E-D65D-046D-A47C-6FD9A62F431A}
		{5784AE5C-FF52-4184-BCCE-D6AA72D14600} = {C4D6D0DB-F1C3-FDE2-25BA-FDFDF9C14A9B}
		{1B8C960E-6745-AD3F-1E6C-3D15943BB4B1} = {45D4843E-D65D-046D-A47C-6FD9A62F431A}
		{D6C42139-3634-42AF-A3E4-096422514D9C} = {1B8C960E-6745-AD3F-1E6C-3D15943BB4B1}
		{B9B3F589-5721-DBFF-D952-4A65364DD0E2} = {45D4843E-D65D-046D-A47C-6FD9A62F431A}
		{3C8C18B6-2D37-4B4C-9E62-3851E07BEF30} = {B9B3F589-5721-DBFF-D952-4A65364DD0E2}
		{7B77E9E5-DADF-04F9-A754-BDF6C1CAC0D2} = {EC447DCF-ABFA-6E24-52A5-D7FD48A5C558}
		{EB93F9A3-A9F4-7E4B-295D-DE5F1DCDF348} = {7B77E9E5-DADF-04F9-A754-BDF6C1CAC0D2}
		{E30C0F00-3219-4E10-9F0B-D705730C40B9} = {EB93F9A3-A9F4-7E4B-295D-DE5F1DCDF348}
		{AA0E96F8-81BA-F823-2A9D-40360EA46DCA} = {7B77E9E5-DADF-04F9-A754-BDF6C1CAC0D2}
		{27EE7D8E-B48A-4207-AC52-4C79973DB094} = {AA0E96F8-81BA-F823-2A9D-40360EA46DCA}
		{21B50FE2-D525-2BFF-9B1E-52D8CE824FCD} = {7B77E9E5-DADF-04F9-A754-BDF6C1CAC0D2}
		{6E7CE4BD-1BF2-4156-8884-4065FE9B5C9C} = {21B50FE2-D525-2BFF-9B1E-52D8CE824FCD}
		{7A772460-85F7-18FA-7654-E7E34442F7BF} = {EC447DCF-ABFA-6E24-52A5-D7FD48A5C558}
		{A227F8B8-12C3-4FB3-D071-A5C921A3C53D} = {7A772460-85F7-18FA-7654-E7E34442F7BF}
		{30D72972-2BA2-40AD-BF26-6CF3520BDCC9} = {A227F8B8-12C3-4FB3-D071-A5C921A3C53D}
		{6E0EC26D-7616-E4EA-7A55-E637F36778C9} = {7A772460-85F7-18FA-7654-E7E34442F7BF}
		{9A6A3718-2F03-4A01-BB19-B3ED44CEBBB1} = {6E0EC26D-7616-E4EA-7A55-E637F36778C9}
		{FA023C8D-A45F-90C1-A7DD-FFB2E81AB097} = {7A772460-85F7-18FA-7654-E7E34442F7BF}
		{F20326F0-3B30-4CF2-8FAD-8CE8FF5D0255} = {FA023C8D-A45F-90C1-A7DD-FFB2E81AB097}
		{0EC62A1A-9858-3A60-8A0C-FC9AACFA2EC7} = {EC447DCF-ABFA-6E24-52A5-D7FD48A5C558}
		{4D5DCD5F-56A9-CDDD-B2B1-3C00DD2DF930} = {0EC62A1A-9858-3A60-8A0C-FC9AACFA2EC7}
		{8FA15A17-2183-4615-B1AD-1F5326E194ED} = {4D5DCD5F-56A9-CDDD-B2B1-3C00DD2DF930}
		{0DE85A42-5AB0-179C-733E-58510D3B8784} = {0EC62A1A-9858-3A60-8A0C-FC9AACFA2EC7}
		{D765E68B-4D7F-4220-BBF3-049BC93AEBCE} = {0DE85A42-5AB0-179C-733E-58510D3B8784}
		{4780257D-0BA4-5E80-C62C-815EC08EBD56} = {0EC62A1A-9858-3A60-8A0C-FC9AACFA2EC7}
		{D58BD4C1-FF58-42B1-B1AE-DCC9EC2221C9} = {4780257D-0BA4-5E80-C62C-815EC08EBD56}
		{4C952AAD-F889-49B5-83A2-574618F1DBD9} = {827E0CD3-B72D-47B6-A68D-7590B98EB39B}
		{36716A58-7F39-4661-B170-4D0833AABE4B} = {827E0CD3-B72D-47B6-A68D-7590B98EB39B}
		{681628A6-1B25-4794-BF98-A69D200CB9D5} = {0AB3BF05-4346-4AA6-1389-037BE0695223}
		{B34F5C01-B559-45D5-A474-4FA8B51F4A93} = {0AB3BF05-4346-4AA6-1389-037BE0695223}
		{976A389A-F7A3-4410-99D1-A3EAC3CFD035} = {0AB3BF05-4346-4AA6-1389-037BE0695223}
		{F1BFD4DE-0D39-4ABE-96AB-5553B38CBDD2} = {0AB3BF05-4346-4AA6-1389-037BE0695223}
		{21514BE2-FAB1-4156-B8AC-3C3D600432C4} = {0AB3BF05-4346-4AA6-1389-037BE0695223}
		{21A43DF3-9904-4227-AD1B-7510C669DA33} = {0AB3BF05-4346-4AA6-1389-037BE0695223}
		{3571043D-3582-4A8A-BAC4-80E0F218CF3F} = {0AB3BF05-4346-4AA6-1389-037BE0695223}
		{5B3D1961-5DA9-4E6C-AEC2-607860949C58} = {0AB3BF05-4346-4AA6-1389-037BE0695223}
	EndGlobalSection
EndGlobal
